// !$*UTF8*$!
{
	archiveVersion = 1;
	classes = {
	};
	objectVersion = 46;
	objects = {

/* Begin PBXBuildFile section */
		77A763EF1C435733C47D4C4B /* Pods_XFDouYu.framework in Frameworks */ = {isa = PBXBuildFile; fileRef = D727A2AEDEF7CECA588EE1E7 /* Pods_XFDouYu.framework */; };
		BD0620DD1D9426D20046AAD7 /* UIColor-Extension.swift in Sources */ = {isa = PBXBuildFile; fileRef = BD0620DC1D9426D20046AAD7 /* UIColor-Extension.swift */; };
		BD0620DF1D94295A0046AAD7 /* XFPageContentView.swift in Sources */ = {isa = PBXBuildFile; fileRef = BD0620DE1D94295A0046AAD7 /* XFPageContentView.swift */; };
		BD0F88961D92CEEC002137C4 /* AppDelegate.swift in Sources */ = {isa = PBXBuildFile; fileRef = BD0F88951D92CEEC002137C4 /* AppDelegate.swift */; };
		BD0F889B1D92CEEC002137C4 /* Main.storyboard in Resources */ = {isa = PBXBuildFile; fileRef = BD0F88991D92CEEC002137C4 /* Main.storyboard */; };
		BD0F889D1D92CEEC002137C4 /* Assets.xcassets in Resources */ = {isa = PBXBuildFile; fileRef = BD0F889C1D92CEEC002137C4 /* Assets.xcassets */; };
		BD0F88BB1D92D6A6002137C4 /* XFMainViewController.swift in Sources */ = {isa = PBXBuildFile; fileRef = BD0F88BA1D92D6A6002137C4 /* XFMainViewController.swift */; };
		BD0F88BD1D92D859002137C4 /* XFHome.storyboard in Resources */ = {isa = PBXBuildFile; fileRef = BD0F88BC1D92D859002137C4 /* XFHome.storyboard */; };
		BD0F88BF1D92D886002137C4 /* XFFollow.storyboard in Resources */ = {isa = PBXBuildFile; fileRef = BD0F88BE1D92D886002137C4 /* XFFollow.storyboard */; };
		BD0F88C11D92D891002137C4 /* XFLive.storyboard in Resources */ = {isa = PBXBuildFile; fileRef = BD0F88C01D92D891002137C4 /* XFLive.storyboard */; };
		BD0F88C31D92D89C002137C4 /* XFProfile.storyboard in Resources */ = {isa = PBXBuildFile; fileRef = BD0F88C21D92D89C002137C4 /* XFProfile.storyboard */; };
		BD0F88C71D92DF49002137C4 /* XFHomeViewController.swift in Sources */ = {isa = PBXBuildFile; fileRef = BD0F88C61D92DF49002137C4 /* XFHomeViewController.swift */; };
		BD1B98B41D981EC900CF3CDA /* XFRecommendCycleView.swift in Sources */ = {isa = PBXBuildFile; fileRef = BD1B98B31D981EC900CF3CDA /* XFRecommendCycleView.swift */; };
		BD1B98B61D981ED400CF3CDA /* XFRecommendCycleView.xib in Resources */ = {isa = PBXBuildFile; fileRef = BD1B98B51D981ED400CF3CDA /* XFRecommendCycleView.xib */; };
		BD1B98B91D98223000CF3CDA /* XFCollectionCycleCell.swift in Sources */ = {isa = PBXBuildFile; fileRef = BD1B98B71D98223000CF3CDA /* XFCollectionCycleCell.swift */; };
		BD1B98BA1D98223000CF3CDA /* XFCollectionCycleCell.xib in Resources */ = {isa = PBXBuildFile; fileRef = BD1B98B81D98223000CF3CDA /* XFCollectionCycleCell.xib */; };
		BD717C821D95756B002984D0 /* XFRecommendViewController.swift in Sources */ = {isa = PBXBuildFile; fileRef = BD717C811D95756B002984D0 /* XFRecommendViewController.swift */; };
		BD717C851D957BAC002984D0 /* XFCollectionHeaderView.swift in Sources */ = {isa = PBXBuildFile; fileRef = BD717C831D957BAC002984D0 /* XFCollectionHeaderView.swift */; };
		BD717C861D957BAC002984D0 /* XFCollectionHeaderView.xib in Resources */ = {isa = PBXBuildFile; fileRef = BD717C841D957BAC002984D0 /* XFCollectionHeaderView.xib */; };
		BD717C881D957FBD002984D0 /* XFCollectionBaseCell.swift in Sources */ = {isa = PBXBuildFile; fileRef = BD717C871D957FBC002984D0 /* XFCollectionBaseCell.swift */; };
		BD717C8A1D95802D002984D0 /* XFCollectionNormalCell.swift in Sources */ = {isa = PBXBuildFile; fileRef = BD717C891D95802D002984D0 /* XFCollectionNormalCell.swift */; };
		BD717C8C1D958048002984D0 /* XFCollectionNormalCell.xib in Resources */ = {isa = PBXBuildFile; fileRef = BD717C8B1D958048002984D0 /* XFCollectionNormalCell.xib */; };
		BD717C8E1D958088002984D0 /* XFCollectionPrettyCell.swift in Sources */ = {isa = PBXBuildFile; fileRef = BD717C8D1D958088002984D0 /* XFCollectionPrettyCell.swift */; };
		BD717C901D95809C002984D0 /* XFCollectionPrettyCell.xib in Resources */ = {isa = PBXBuildFile; fileRef = BD717C8F1D95809C002984D0 /* XFCollectionPrettyCell.xib */; };
		BD88399D1D93CA1600494760 /* UIBarButtonItem-Extension.swift in Sources */ = {isa = PBXBuildFile; fileRef = BD88399C1D93CA1500494760 /* UIBarButtonItem-Extension.swift */; };
		BDC15ED91D98E86B0059C336 /* XFRecommendGameView.swift in Sources */ = {isa = PBXBuildFile; fileRef = BDC15ED81D98E86B0059C336 /* XFRecommendGameView.swift */; };
		BDC15EDB1D98E8850059C336 /* XFRecommendGameView.xib in Resources */ = {isa = PBXBuildFile; fileRef = BDC15EDA1D98E8850059C336 /* XFRecommendGameView.xib */; };
		BDC15EDE1D98E8BF0059C336 /* XFRecommendGameCell.swift in Sources */ = {isa = PBXBuildFile; fileRef = BDC15EDC1D98E8BF0059C336 /* XFRecommendGameCell.swift */; };
		BDC15EDF1D98E8BF0059C336 /* XFRecommendGameCell.xib in Resources */ = {isa = PBXBuildFile; fileRef = BDC15EDD1D98E8BF0059C336 /* XFRecommendGameCell.xib */; };
		BDE1AE2A1D93E014006CC5C7 /* XFPageTitleView.swift in Sources */ = {isa = PBXBuildFile; fileRef = BDE1AE291D93E014006CC5C7 /* XFPageTitleView.swift */; };
		BDE1AE2C1D93E2BD006CC5C7 /* XFDefineFile.swift in Sources */ = {isa = PBXBuildFile; fileRef = BDE1AE2B1D93E2BD006CC5C7 /* XFDefineFile.swift */; };
		BDE1AE2E1D93E2D3006CC5C7 /* XFCommon.swift in Sources */ = {isa = PBXBuildFile; fileRef = BDE1AE2D1D93E2D3006CC5C7 /* XFCommon.swift */; };
		BDEF137F1D964EE900F4DC8E /* XFNetworkTool.swift in Sources */ = {isa = PBXBuildFile; fileRef = BDEF137E1D964EE900F4DC8E /* XFNetworkTool.swift */; };
		BDEF13811D965A6500F4DC8E /* XFRecommendViewModel.swift in Sources */ = {isa = PBXBuildFile; fileRef = BDEF13801D965A6500F4DC8E /* XFRecommendViewModel.swift */; };
		BDEF13831D965AF100F4DC8E /* XFAnchorGroup.swift in Sources */ = {isa = PBXBuildFile; fileRef = BDEF13821D965AF100F4DC8E /* XFAnchorGroup.swift */; };
		BDEF13851D965B0200F4DC8E /* XFAnchorModel.swift in Sources */ = {isa = PBXBuildFile; fileRef = BDEF13841D965B0200F4DC8E /* XFAnchorModel.swift */; };
		BDEF13871D965B4700F4DC8E /* XFCycleModel.swift in Sources */ = {isa = PBXBuildFile; fileRef = BDEF13861D965B4700F4DC8E /* XFCycleModel.swift */; };
		BDEF13891D9666F600F4DC8E /* NSDate-Extension.swift in Sources */ = {isa = PBXBuildFile; fileRef = BDEF13881D9666F600F4DC8E /* NSDate-Extension.swift */; };
/* End PBXBuildFile section */

/* Begin PBXFileReference section */
		1E57EF14893DF4AB93675087 /* Pods-XFDouYu.release.xcconfig */ = {isa = PBXFileReference; includeInIndex = 1; lastKnownFileType = text.xcconfig; name = "Pods-XFDouYu.release.xcconfig"; path = "Pods/Target Support Files/Pods-XFDouYu/Pods-XFDouYu.release.xcconfig"; sourceTree = "<group>"; };
		965588A7495B3FA978C65EA5 /* Pods-XFDouYu.debug.xcconfig */ = {isa = PBXFileReference; includeInIndex = 1; lastKnownFileType = text.xcconfig; name = "Pods-XFDouYu.debug.xcconfig"; path = "Pods/Target Support Files/Pods-XFDouYu/Pods-XFDouYu.debug.xcconfig"; sourceTree = "<group>"; };
		BD0620DC1D9426D20046AAD7 /* UIColor-Extension.swift */ = {isa = PBXFileReference; fileEncoding = 4; lastKnownFileType = sourcecode.swift; path = "UIColor-Extension.swift"; sourceTree = "<group>"; };
		BD0620DE1D94295A0046AAD7 /* XFPageContentView.swift */ = {isa = PBXFileReference; fileEncoding = 4; lastKnownFileType = sourcecode.swift; path = XFPageContentView.swift; sourceTree = "<group>"; };
		BD0F88921D92CEEC002137C4 /* XFDouYu.app */ = {isa = PBXFileReference; explicitFileType = wrapper.application; includeInIndex = 0; path = XFDouYu.app; sourceTree = BUILT_PRODUCTS_DIR; };
		BD0F88951D92CEEC002137C4 /* AppDelegate.swift */ = {isa = PBXFileReference; lastKnownFileType = sourcecode.swift; path = AppDelegate.swift; sourceTree = "<group>"; };
		BD0F889A1D92CEEC002137C4 /* Base */ = {isa = PBXFileReference; lastKnownFileType = file.storyboard; name = Base; path = Base.lproj/Main.storyboard; sourceTree = "<group>"; };
		BD0F889C1D92CEEC002137C4 /* Assets.xcassets */ = {isa = PBXFileReference; lastKnownFileType = folder.assetcatalog; path = Assets.xcassets; sourceTree = "<group>"; };
		BD0F88A11D92CEEC002137C4 /* Info.plist */ = {isa = PBXFileReference; lastKnownFileType = text.plist.xml; path = Info.plist; sourceTree = "<group>"; };
		BD0F88BA1D92D6A6002137C4 /* XFMainViewController.swift */ = {isa = PBXFileReference; fileEncoding = 4; lastKnownFileType = sourcecode.swift; path = XFMainViewController.swift; sourceTree = "<group>"; };
		BD0F88BC1D92D859002137C4 /* XFHome.storyboard */ = {isa = PBXFileReference; fileEncoding = 4; lastKnownFileType = file.storyboard; path = XFHome.storyboard; sourceTree = "<group>"; };
		BD0F88BE1D92D886002137C4 /* XFFollow.storyboard */ = {isa = PBXFileReference; fileEncoding = 4; lastKnownFileType = file.storyboard; path = XFFollow.storyboard; sourceTree = "<group>"; };
		BD0F88C01D92D891002137C4 /* XFLive.storyboard */ = {isa = PBXFileReference; fileEncoding = 4; lastKnownFileType = file.storyboard; path = XFLive.storyboard; sourceTree = "<group>"; };
		BD0F88C21D92D89C002137C4 /* XFProfile.storyboard */ = {isa = PBXFileReference; fileEncoding = 4; lastKnownFileType = file.storyboard; path = XFProfile.storyboard; sourceTree = "<group>"; };
		BD0F88C61D92DF49002137C4 /* XFHomeViewController.swift */ = {isa = PBXFileReference; fileEncoding = 4; lastKnownFileType = sourcecode.swift; path = XFHomeViewController.swift; sourceTree = "<group>"; };
		BD1B98B31D981EC900CF3CDA /* XFRecommendCycleView.swift */ = {isa = PBXFileReference; fileEncoding = 4; lastKnownFileType = sourcecode.swift; path = XFRecommendCycleView.swift; sourceTree = "<group>"; };
		BD1B98B51D981ED400CF3CDA /* XFRecommendCycleView.xib */ = {isa = PBXFileReference; fileEncoding = 4; lastKnownFileType = file.xib; path = XFRecommendCycleView.xib; sourceTree = "<group>"; };
		BD1B98B71D98223000CF3CDA /* XFCollectionCycleCell.swift */ = {isa = PBXFileReference; fileEncoding = 4; lastKnownFileType = sourcecode.swift; path = XFCollectionCycleCell.swift; sourceTree = "<group>"; };
		BD1B98B81D98223000CF3CDA /* XFCollectionCycleCell.xib */ = {isa = PBXFileReference; fileEncoding = 4; lastKnownFileType = file.xib; path = XFCollectionCycleCell.xib; sourceTree = "<group>"; };
		BD717C811D95756B002984D0 /* XFRecommendViewController.swift */ = {isa = PBXFileReference; fileEncoding = 4; lastKnownFileType = sourcecode.swift; path = XFRecommendViewController.swift; sourceTree = "<group>"; };
		BD717C831D957BAC002984D0 /* XFCollectionHeaderView.swift */ = {isa = PBXFileReference; fileEncoding = 4; lastKnownFileType = sourcecode.swift; path = XFCollectionHeaderView.swift; sourceTree = "<group>"; };
		BD717C841D957BAC002984D0 /* XFCollectionHeaderView.xib */ = {isa = PBXFileReference; fileEncoding = 4; lastKnownFileType = file.xib; path = XFCollectionHeaderView.xib; sourceTree = "<group>"; };
		BD717C871D957FBC002984D0 /* XFCollectionBaseCell.swift */ = {isa = PBXFileReference; fileEncoding = 4; lastKnownFileType = sourcecode.swift; path = XFCollectionBaseCell.swift; sourceTree = "<group>"; };
		BD717C891D95802D002984D0 /* XFCollectionNormalCell.swift */ = {isa = PBXFileReference; fileEncoding = 4; lastKnownFileType = sourcecode.swift; path = XFCollectionNormalCell.swift; sourceTree = "<group>"; };
		BD717C8B1D958048002984D0 /* XFCollectionNormalCell.xib */ = {isa = PBXFileReference; fileEncoding = 4; lastKnownFileType = file.xib; path = XFCollectionNormalCell.xib; sourceTree = "<group>"; };
		BD717C8D1D958088002984D0 /* XFCollectionPrettyCell.swift */ = {isa = PBXFileReference; fileEncoding = 4; lastKnownFileType = sourcecode.swift; path = XFCollectionPrettyCell.swift; sourceTree = "<group>"; };
		BD717C8F1D95809C002984D0 /* XFCollectionPrettyCell.xib */ = {isa = PBXFileReference; fileEncoding = 4; lastKnownFileType = file.xib; path = XFCollectionPrettyCell.xib; sourceTree = "<group>"; };
		BD88399C1D93CA1500494760 /* UIBarButtonItem-Extension.swift */ = {isa = PBXFileReference; fileEncoding = 4; lastKnownFileType = sourcecode.swift; path = "UIBarButtonItem-Extension.swift"; sourceTree = "<group>"; };
		BDC15ED81D98E86B0059C336 /* XFRecommendGameView.swift */ = {isa = PBXFileReference; fileEncoding = 4; lastKnownFileType = sourcecode.swift; path = XFRecommendGameView.swift; sourceTree = "<group>"; };
		BDC15EDA1D98E8850059C336 /* XFRecommendGameView.xib */ = {isa = PBXFileReference; fileEncoding = 4; lastKnownFileType = file.xib; path = XFRecommendGameView.xib; sourceTree = "<group>"; };
		BDC15EDC1D98E8BF0059C336 /* XFRecommendGameCell.swift */ = {isa = PBXFileReference; fileEncoding = 4; lastKnownFileType = sourcecode.swift; path = XFRecommendGameCell.swift; sourceTree = "<group>"; };
		BDC15EDD1D98E8BF0059C336 /* XFRecommendGameCell.xib */ = {isa = PBXFileReference; fileEncoding = 4; lastKnownFileType = file.xib; path = XFRecommendGameCell.xib; sourceTree = "<group>"; };
		BDE1AE291D93E014006CC5C7 /* XFPageTitleView.swift */ = {isa = PBXFileReference; fileEncoding = 4; lastKnownFileType = sourcecode.swift; path = XFPageTitleView.swift; sourceTree = "<group>"; };
		BDE1AE2B1D93E2BD006CC5C7 /* XFDefineFile.swift */ = {isa = PBXFileReference; fileEncoding = 4; lastKnownFileType = sourcecode.swift; path = XFDefineFile.swift; sourceTree = "<group>"; };
		BDE1AE2D1D93E2D3006CC5C7 /* XFCommon.swift */ = {isa = PBXFileReference; fileEncoding = 4; lastKnownFileType = sourcecode.swift; path = XFCommon.swift; sourceTree = "<group>"; };
		BDEF137E1D964EE900F4DC8E /* XFNetworkTool.swift */ = {isa = PBXFileReference; fileEncoding = 4; lastKnownFileType = sourcecode.swift; path = XFNetworkTool.swift; sourceTree = "<group>"; };
		BDEF13801D965A6500F4DC8E /* XFRecommendViewModel.swift */ = {isa = PBXFileReference; fileEncoding = 4; lastKnownFileType = sourcecode.swift; path = XFRecommendViewModel.swift; sourceTree = "<group>"; };
		BDEF13821D965AF100F4DC8E /* XFAnchorGroup.swift */ = {isa = PBXFileReference; fileEncoding = 4; lastKnownFileType = sourcecode.swift; path = XFAnchorGroup.swift; sourceTree = "<group>"; };
		BDEF13841D965B0200F4DC8E /* XFAnchorModel.swift */ = {isa = PBXFileReference; fileEncoding = 4; lastKnownFileType = sourcecode.swift; path = XFAnchorModel.swift; sourceTree = "<group>"; };
		BDEF13861D965B4700F4DC8E /* XFCycleModel.swift */ = {isa = PBXFileReference; fileEncoding = 4; lastKnownFileType = sourcecode.swift; path = XFCycleModel.swift; sourceTree = "<group>"; };
		BDEF13881D9666F600F4DC8E /* NSDate-Extension.swift */ = {isa = PBXFileReference; fileEncoding = 4; lastKnownFileType = sourcecode.swift; path = "NSDate-Extension.swift"; sourceTree = "<group>"; };
		D727A2AEDEF7CECA588EE1E7 /* Pods_XFDouYu.framework */ = {isa = PBXFileReference; explicitFileType = wrapper.framework; includeInIndex = 0; path = Pods_XFDouYu.framework; sourceTree = BUILT_PRODUCTS_DIR; };
/* End PBXFileReference section */

/* Begin PBXFrameworksBuildPhase section */
		BD0F888F1D92CEEC002137C4 /* Frameworks */ = {
			isa = PBXFrameworksBuildPhase;
			buildActionMask = 2147483647;
			files = (
				77A763EF1C435733C47D4C4B /* Pods_XFDouYu.framework in Frameworks */,
			);
			runOnlyForDeploymentPostprocessing = 0;
		};
/* End PBXFrameworksBuildPhase section */

/* Begin PBXGroup section */
		BD0F88891D92CEEB002137C4 = {
			isa = PBXGroup;
			children = (
				BD0F88941D92CEEC002137C4 /* XFDouYu */,
				BD0F88931D92CEEC002137C4 /* Products */,
				D5006F656BD9321089EB36E2 /* Pods */,
				CC70884356A8FF8949B6EB17 /* Frameworks */,
			);
			sourceTree = "<group>";
		};
		BD0F88931D92CEEC002137C4 /* Products */ = {
			isa = PBXGroup;
			children = (
				BD0F88921D92CEEC002137C4 /* XFDouYu.app */,
			);
			name = Products;
			sourceTree = "<group>";
		};
		BD0F88941D92CEEC002137C4 /* XFDouYu */ = {
			isa = PBXGroup;
			children = (
				BD0F88A91D92D57F002137C4 /* Classes */,
				BD0F88951D92CEEC002137C4 /* AppDelegate.swift */,
				BD0F889C1D92CEEC002137C4 /* Assets.xcassets */,
				BD0F88A11D92CEEC002137C4 /* Info.plist */,
			);
			path = XFDouYu;
			sourceTree = "<group>";
		};
		BD0F88A91D92D57F002137C4 /* Classes */ = {
			isa = PBXGroup;
			children = (
				BD0F88B41D92D580002137C4 /* Main */,
				BD0F88AE1D92D580002137C4 /* Home(首页) */,
				BD0F88B31D92D580002137C4 /* Live(直播) */,
				BD0F88AA1D92D580002137C4 /* Follow(关注) */,
				BD0F88B81D92D580002137C4 /* Profile(我的) */,
				BD0F88B91D92D580002137C4 /* Tools */,
			);
			path = Classes;
			sourceTree = "<group>";
		};
		BD0F88AA1D92D580002137C4 /* Follow(关注) */ = {
			isa = PBXGroup;
			children = (
				BD0F88BE1D92D886002137C4 /* XFFollow.storyboard */,
			);
			name = "Follow(关注)";
			path = Follow;
			sourceTree = "<group>";
		};
		BD0F88AE1D92D580002137C4 /* Home(首页) */ = {
			isa = PBXGroup;
			children = (
				BD0F88B21D92D580002137C4 /* ViewModel */,
				BD0F88B01D92D580002137C4 /* Model */,
				BD0F88B11D92D580002137C4 /* View */,
				BD0F88AF1D92D580002137C4 /* Controller */,
			);
			name = "Home(首页)";
			path = Home;
			sourceTree = "<group>";
		};
		BD0F88AF1D92D580002137C4 /* Controller */ = {
			isa = PBXGroup;
			children = (
				BD0F88BC1D92D859002137C4 /* XFHome.storyboard */,
				BD0F88C61D92DF49002137C4 /* XFHomeViewController.swift */,
				BD717C811D95756B002984D0 /* XFRecommendViewController.swift */,
			);
			path = Controller;
			sourceTree = "<group>";
		};
		BD0F88B01D92D580002137C4 /* Model */ = {
			isa = PBXGroup;
			children = (
				BDEF13861D965B4700F4DC8E /* XFCycleModel.swift */,
			);
			path = Model;
			sourceTree = "<group>";
		};
		BD0F88B11D92D580002137C4 /* View */ = {
			isa = PBXGroup;
			children = (
				BD717C831D957BAC002984D0 /* XFCollectionHeaderView.swift */,
				BD717C841D957BAC002984D0 /* XFCollectionHeaderView.xib */,
				BD1B98B31D981EC900CF3CDA /* XFRecommendCycleView.swift */,
				BD1B98B51D981ED400CF3CDA /* XFRecommendCycleView.xib */,
				BD1B98B71D98223000CF3CDA /* XFCollectionCycleCell.swift */,
				BD1B98B81D98223000CF3CDA /* XFCollectionCycleCell.xib */,
				BDC15ED81D98E86B0059C336 /* XFRecommendGameView.swift */,
				BDC15EDA1D98E8850059C336 /* XFRecommendGameView.xib */,
				BDC15EDC1D98E8BF0059C336 /* XFRecommendGameCell.swift */,
				BDC15EDD1D98E8BF0059C336 /* XFRecommendGameCell.xib */,
			);
			path = View;
			sourceTree = "<group>";
		};
		BD0F88B21D92D580002137C4 /* ViewModel */ = {
			isa = PBXGroup;
			children = (
				BDEF13801D965A6500F4DC8E /* XFRecommendViewModel.swift */,
			);
			path = ViewModel;
			sourceTree = "<group>";
		};
		BD0F88B31D92D580002137C4 /* Live(直播) */ = {
			isa = PBXGroup;
			children = (
				BD0F88C01D92D891002137C4 /* XFLive.storyboard */,
			);
			name = "Live(直播)";
			path = Live;
			sourceTree = "<group>";
		};
		BD0F88B41D92D580002137C4 /* Main */ = {
			isa = PBXGroup;
			children = (
				BD0F88B61D92D580002137C4 /* Model */,
				BD0F88B71D92D580002137C4 /* View */,
				BD0F88B51D92D580002137C4 /* Controller */,
			);
			path = Main;
			sourceTree = "<group>";
		};
		BD0F88B51D92D580002137C4 /* Controller */ = {
			isa = PBXGroup;
			children = (
				BD0F88991D92CEEC002137C4 /* Main.storyboard */,
				BD0F88BA1D92D6A6002137C4 /* XFMainViewController.swift */,
			);
			path = Controller;
			sourceTree = "<group>";
		};
		BD0F88B61D92D580002137C4 /* Model */ = {
			isa = PBXGroup;
			children = (
				BDEF13821D965AF100F4DC8E /* XFAnchorGroup.swift */,
				BDEF13841D965B0200F4DC8E /* XFAnchorModel.swift */,
			);
			path = Model;
			sourceTree = "<group>";
		};
		BD0F88B71D92D580002137C4 /* View */ = {
			isa = PBXGroup;
			children = (
				BDE1AE291D93E014006CC5C7 /* XFPageTitleView.swift */,
				BD0620DE1D94295A0046AAD7 /* XFPageContentView.swift */,
				BD717C871D957FBC002984D0 /* XFCollectionBaseCell.swift */,
				BD717C891D95802D002984D0 /* XFCollectionNormalCell.swift */,
				BD717C8B1D958048002984D0 /* XFCollectionNormalCell.xib */,
				BD717C8D1D958088002984D0 /* XFCollectionPrettyCell.swift */,
				BD717C8F1D95809C002984D0 /* XFCollectionPrettyCell.xib */,
			);
			path = View;
			sourceTree = "<group>";
		};
		BD0F88B81D92D580002137C4 /* Profile(我的) */ = {
			isa = PBXGroup;
			children = (
				BD0F88C21D92D89C002137C4 /* XFProfile.storyboard */,
			);
			name = "Profile(我的)";
			path = Profile;
			sourceTree = "<group>";
		};
		BD0F88B91D92D580002137C4 /* Tools */ = {
			isa = PBXGroup;
			children = (
				BD88399B1D93C9F100494760 /* Extension */,
				BDE1AE2D1D93E2D3006CC5C7 /* XFCommon.swift */,
				BDE1AE2B1D93E2BD006CC5C7 /* XFDefineFile.swift */,
				BDEF137E1D964EE900F4DC8E /* XFNetworkTool.swift */,
			);
			path = Tools;
			sourceTree = "<group>";
		};
		BD88399B1D93C9F100494760 /* Extension */ = {
			isa = PBXGroup;
			children = (
				BD88399C1D93CA1500494760 /* UIBarButtonItem-Extension.swift */,
				BD0620DC1D9426D20046AAD7 /* UIColor-Extension.swift */,
				BDEF13881D9666F600F4DC8E /* NSDate-Extension.swift */,
			);
			path = Extension;
			sourceTree = "<group>";
		};
		CC70884356A8FF8949B6EB17 /* Frameworks */ = {
			isa = PBXGroup;
			children = (
				D727A2AEDEF7CECA588EE1E7 /* Pods_XFDouYu.framework */,
			);
			name = Frameworks;
			sourceTree = "<group>";
		};
		D5006F656BD9321089EB36E2 /* Pods */ = {
			isa = PBXGroup;
			children = (
				965588A7495B3FA978C65EA5 /* Pods-XFDouYu.debug.xcconfig */,
				1E57EF14893DF4AB93675087 /* Pods-XFDouYu.release.xcconfig */,
			);
			name = Pods;
			sourceTree = "<group>";
		};
/* End PBXGroup section */

/* Begin PBXNativeTarget section */
		BD0F88911D92CEEC002137C4 /* XFDouYu */ = {
			isa = PBXNativeTarget;
			buildConfigurationList = BD0F88A41D92CEEC002137C4 /* Build configuration list for PBXNativeTarget "XFDouYu" */;
			buildPhases = (
				027FB9FAD4B78DA8F4159D18 /* [CP] Check Pods Manifest.lock */,
				BD0F888E1D92CEEC002137C4 /* Sources */,
				BD0F888F1D92CEEC002137C4 /* Frameworks */,
				BD0F88901D92CEEC002137C4 /* Resources */,
				CC04DE97FD9E49D6961E0F6B /* [CP] Embed Pods Frameworks */,
				81BD3E7F7A6EE954015F85B8 /* [CP] Copy Pods Resources */,
			);
			buildRules = (
			);
			dependencies = (
			);
			name = XFDouYu;
			productName = XFDouYu;
			productReference = BD0F88921D92CEEC002137C4 /* XFDouYu.app */;
			productType = "com.apple.product-type.application";
		};
/* End PBXNativeTarget section */

/* Begin PBXProject section */
		BD0F888A1D92CEEB002137C4 /* Project object */ = {
			isa = PBXProject;
			attributes = {
				CLASSPREFIX = XF;
				LastSwiftUpdateCheck = 0800;
				LastUpgradeCheck = 0800;
				ORGANIZATIONNAME = xiaofan;
				TargetAttributes = {
					BD0F88911D92CEEC002137C4 = {
						CreatedOnToolsVersion = 8.0;
						DevelopmentTeam = V5T362FM3J;
						ProvisioningStyle = Automatic;
					};
				};
			};
			buildConfigurationList = BD0F888D1D92CEEC002137C4 /* Build configuration list for PBXProject "XFDouYu" */;
			compatibilityVersion = "Xcode 3.2";
			developmentRegion = English;
			hasScannedForEncodings = 0;
			knownRegions = (
				en,
				Base,
			);
			mainGroup = BD0F88891D92CEEB002137C4;
			productRefGroup = BD0F88931D92CEEC002137C4 /* Products */;
			projectDirPath = "";
			projectRoot = "";
			targets = (
				BD0F88911D92CEEC002137C4 /* XFDouYu */,
			);
		};
/* End PBXProject section */

/* Begin PBXResourcesBuildPhase section */
		BD0F88901D92CEEC002137C4 /* Resources */ = {
			isa = PBXResourcesBuildPhase;
			buildActionMask = 2147483647;
			files = (
				BD1B98BA1D98223000CF3CDA /* XFCollectionCycleCell.xib in Resources */,
				BD717C901D95809C002984D0 /* XFCollectionPrettyCell.xib in Resources */,
				BD0F889D1D92CEEC002137C4 /* Assets.xcassets in Resources */,
				BD0F88C11D92D891002137C4 /* XFLive.storyboard in Resources */,
				BD0F889B1D92CEEC002137C4 /* Main.storyboard in Resources */,
				BDC15EDB1D98E8850059C336 /* XFRecommendGameView.xib in Resources */,
				BD0F88BD1D92D859002137C4 /* XFHome.storyboard in Resources */,
				BD0F88C31D92D89C002137C4 /* XFProfile.storyboard in Resources */,
				BD1B98B61D981ED400CF3CDA /* XFRecommendCycleView.xib in Resources */,
				BD0F88BF1D92D886002137C4 /* XFFollow.storyboard in Resources */,
				BD717C8C1D958048002984D0 /* XFCollectionNormalCell.xib in Resources */,
				BD717C861D957BAC002984D0 /* XFCollectionHeaderView.xib in Resources */,
				BDC15EDF1D98E8BF0059C336 /* XFRecommendGameCell.xib in Resources */,
			);
			runOnlyForDeploymentPostprocessing = 0;
		};
/* End PBXResourcesBuildPhase section */

/* Begin PBXShellScriptBuildPhase section */
		027FB9FAD4B78DA8F4159D18 /* [CP] Check Pods Manifest.lock */ = {
			isa = PBXShellScriptBuildPhase;
			buildActionMask = 2147483647;
			files = (
			);
			inputPaths = (
			);
			name = "[CP] Check Pods Manifest.lock";
			outputPaths = (
			);
			runOnlyForDeploymentPostprocessing = 0;
			shellPath = /bin/sh;
			shellScript = "diff \"${PODS_ROOT}/../Podfile.lock\" \"${PODS_ROOT}/Manifest.lock\" > /dev/null\nif [[ $? != 0 ]] ; then\n    cat << EOM\nerror: The sandbox is not in sync with the Podfile.lock. Run 'pod install' or update your CocoaPods installation.\nEOM\n    exit 1\nfi\n";
			showEnvVarsInLog = 0;
		};
		81BD3E7F7A6EE954015F85B8 /* [CP] Copy Pods Resources */ = {
			isa = PBXShellScriptBuildPhase;
			buildActionMask = 2147483647;
			files = (
			);
			inputPaths = (
			);
			name = "[CP] Copy Pods Resources";
			outputPaths = (
			);
			runOnlyForDeploymentPostprocessing = 0;
			shellPath = /bin/sh;
			shellScript = "\"${SRCROOT}/Pods/Target Support Files/Pods-XFDouYu/Pods-XFDouYu-resources.sh\"\n";
			showEnvVarsInLog = 0;
		};
		CC04DE97FD9E49D6961E0F6B /* [CP] Embed Pods Frameworks */ = {
			isa = PBXShellScriptBuildPhase;
			buildActionMask = 2147483647;
			files = (
			);
			inputPaths = (
			);
			name = "[CP] Embed Pods Frameworks";
			outputPaths = (
			);
			runOnlyForDeploymentPostprocessing = 0;
			shellPath = /bin/sh;
			shellScript = "\"${SRCROOT}/Pods/Target Support Files/Pods-XFDouYu/Pods-XFDouYu-frameworks.sh\"\n";
			showEnvVarsInLog = 0;
		};
/* End PBXShellScriptBuildPhase section */

/* Begin PBXSourcesBuildPhase section */
		BD0F888E1D92CEEC002137C4 /* Sources */ = {
			isa = PBXSourcesBuildPhase;
			buildActionMask = 2147483647;
			files = (
				BDE1AE2E1D93E2D3006CC5C7 /* XFCommon.swift in Sources */,
				BD717C8E1D958088002984D0 /* XFCollectionPrettyCell.swift in Sources */,
				BDEF13851D965B0200F4DC8E /* XFAnchorModel.swift in Sources */,
				BDE1AE2C1D93E2BD006CC5C7 /* XFDefineFile.swift in Sources */,
				BD1B98B91D98223000CF3CDA /* XFCollectionCycleCell.swift in Sources */,
				BDEF13871D965B4700F4DC8E /* XFCycleModel.swift in Sources */,
				BDEF13831D965AF100F4DC8E /* XFAnchorGroup.swift in Sources */,
				BDC15ED91D98E86B0059C336 /* XFRecommendGameView.swift in Sources */,
				BDE1AE2A1D93E014006CC5C7 /* XFPageTitleView.swift in Sources */,
				BD717C821D95756B002984D0 /* XFRecommendViewController.swift in Sources */,
				BDEF137F1D964EE900F4DC8E /* XFNetworkTool.swift in Sources */,
				BD0620DD1D9426D20046AAD7 /* UIColor-Extension.swift in Sources */,
				BDEF13891D9666F600F4DC8E /* NSDate-Extension.swift in Sources */,
				BD0F88C71D92DF49002137C4 /* XFHomeViewController.swift in Sources */,
				BD1B98B41D981EC900CF3CDA /* XFRecommendCycleView.swift in Sources */,
				BD717C8A1D95802D002984D0 /* XFCollectionNormalCell.swift in Sources */,
				BDEF13811D965A6500F4DC8E /* XFRecommendViewModel.swift in Sources */,
				BD717C851D957BAC002984D0 /* XFCollectionHeaderView.swift in Sources */,
				BD0F88961D92CEEC002137C4 /* AppDelegate.swift in Sources */,
				BD0620DF1D94295A0046AAD7 /* XFPageContentView.swift in Sources */,
				BD88399D1D93CA1600494760 /* UIBarButtonItem-Extension.swift in Sources */,
				BD717C881D957FBD002984D0 /* XFCollectionBaseCell.swift in Sources */,
				BDC15EDE1D98E8BF0059C336 /* XFRecommendGameCell.swift in Sources */,
				BD0F88BB1D92D6A6002137C4 /* XFMainViewController.swift in Sources */,
			);
			runOnlyForDeploymentPostprocessing = 0;
		};
/* End PBXSourcesBuildPhase section */

/* Begin PBXVariantGroup section */
		BD0F88991D92CEEC002137C4 /* Main.storyboard */ = {
			isa = PBXVariantGroup;
			children = (
				BD0F889A1D92CEEC002137C4 /* Base */,
			);
			name = Main.storyboard;
			path = ../../..;
			sourceTree = "<group>";
		};
/* End PBXVariantGroup section */

/* Begin XCBuildConfiguration section */
		BD0F88A21D92CEEC002137C4 /* Debug */ = {
			isa = XCBuildConfiguration;
			buildSettings = {
				ALWAYS_SEARCH_USER_PATHS = NO;
				CLANG_ANALYZER_NONNULL = YES;
				CLANG_CXX_LANGUAGE_STANDARD = "gnu++0x";
				CLANG_CXX_LIBRARY = "libc++";
				CLANG_ENABLE_MODULES = YES;
				CLANG_ENABLE_OBJC_ARC = YES;
				CLANG_WARN_BOOL_CONVERSION = YES;
				CLANG_WARN_CONSTANT_CONVERSION = YES;
				CLANG_WARN_DIRECT_OBJC_ISA_USAGE = YES_ERROR;
				CLANG_WARN_DOCUMENTATION_COMMENTS = YES;
				CLANG_WARN_EMPTY_BODY = YES;
				CLANG_WARN_ENUM_CONVERSION = YES;
				CLANG_WARN_INFINITE_RECURSION = YES;
				CLANG_WARN_INT_CONVERSION = YES;
				CLANG_WARN_OBJC_ROOT_CLASS = YES_ERROR;
				CLANG_WARN_SUSPICIOUS_MOVE = YES;
				CLANG_WARN_SUSPICIOUS_MOVES = YES;
				CLANG_WARN_UNREACHABLE_CODE = YES;
				CLANG_WARN__DUPLICATE_METHOD_MATCH = YES;
				"CODE_SIGN_IDENTITY[sdk=iphoneos*]" = "iPhone Developer";
				COPY_PHASE_STRIP = NO;
				DEBUG_INFORMATION_FORMAT = dwarf;
				ENABLE_STRICT_OBJC_MSGSEND = YES;
				ENABLE_TESTABILITY = YES;
				GCC_C_LANGUAGE_STANDARD = gnu99;
				GCC_DYNAMIC_NO_PIC = NO;
				GCC_NO_COMMON_BLOCKS = YES;
				GCC_OPTIMIZATION_LEVEL = 0;
				GCC_PREPROCESSOR_DEFINITIONS = (
					"DEBUG=1",
					"$(inherited)",
				);
				GCC_WARN_64_TO_32_BIT_CONVERSION = YES;
				GCC_WARN_ABOUT_RETURN_TYPE = YES_ERROR;
				GCC_WARN_UNDECLARED_SELECTOR = YES;
				GCC_WARN_UNINITIALIZED_AUTOS = YES_AGGRESSIVE;
				GCC_WARN_UNUSED_FUNCTION = YES;
				GCC_WARN_UNUSED_VARIABLE = YES;
				IPHONEOS_DEPLOYMENT_TARGET = 10.0;
				MTL_ENABLE_DEBUG_INFO = YES;
				ONLY_ACTIVE_ARCH = YES;
				SDKROOT = iphoneos;
				SWIFT_ACTIVE_COMPILATION_CONDITIONS = DEBUG;
				SWIFT_OPTIMIZATION_LEVEL = "-Onone";
			};
			name = Debug;
		};
		BD0F88A31D92CEEC002137C4 /* Release */ = {
			isa = XCBuildConfiguration;
			buildSettings = {
				ALWAYS_SEARCH_USER_PATHS = NO;
				CLANG_ANALYZER_NONNULL = YES;
				CLANG_CXX_LANGUAGE_STANDARD = "gnu++0x";
				CLANG_CXX_LIBRARY = "libc++";
				CLANG_ENABLE_MODULES = YES;
				CLANG_ENABLE_OBJC_ARC = YES;
				CLANG_WARN_BOOL_CONVERSION = YES;
				CLANG_WARN_CONSTANT_CONVERSION = YES;
				CLANG_WARN_DIRECT_OBJC_ISA_USAGE = YES_ERROR;
				CLANG_WARN_DOCUMENTATION_COMMENTS = YES;
				CLANG_WARN_EMPTY_BODY = YES;
				CLANG_WARN_ENUM_CONVERSION = YES;
				CLANG_WARN_INFINITE_RECURSION = YES;
				CLANG_WARN_INT_CONVERSION = YES;
				CLANG_WARN_OBJC_ROOT_CLASS = YES_ERROR;
				CLANG_WARN_SUSPICIOUS_MOVE = YES;
				CLANG_WARN_SUSPICIOUS_MOVES = YES;
				CLANG_WARN_UNREACHABLE_CODE = YES;
				CLANG_WARN__DUPLICATE_METHOD_MATCH = YES;
				"CODE_SIGN_IDENTITY[sdk=iphoneos*]" = "iPhone Developer";
				COPY_PHASE_STRIP = NO;
				DEBUG_INFORMATION_FORMAT = "dwarf-with-dsym";
				ENABLE_NS_ASSERTIONS = NO;
				ENABLE_STRICT_OBJC_MSGSEND = YES;
				GCC_C_LANGUAGE_STANDARD = gnu99;
				GCC_NO_COMMON_BLOCKS = YES;
				GCC_WARN_64_TO_32_BIT_CONVERSION = YES;
				GCC_WARN_ABOUT_RETURN_TYPE = YES_ERROR;
				GCC_WARN_UNDECLARED_SELECTOR = YES;
				GCC_WARN_UNINITIALIZED_AUTOS = YES_AGGRESSIVE;
				GCC_WARN_UNUSED_FUNCTION = YES;
				GCC_WARN_UNUSED_VARIABLE = YES;
				IPHONEOS_DEPLOYMENT_TARGET = 10.0;
				MTL_ENABLE_DEBUG_INFO = NO;
				SDKROOT = iphoneos;
				SWIFT_OPTIMIZATION_LEVEL = "-Owholemodule";
				VALIDATE_PRODUCT = YES;
			};
			name = Release;
		};
		BD0F88A51D92CEEC002137C4 /* Debug */ = {
			isa = XCBuildConfiguration;
			baseConfigurationReference = 965588A7495B3FA978C65EA5 /* Pods-XFDouYu.debug.xcconfig */;
			buildSettings = {
				ALWAYS_EMBED_SWIFT_STANDARD_LIBRARIES = YES;
				ASSETCATALOG_COMPILER_APPICON_NAME = AppIcon;
				ASSETCATALOG_COMPILER_LAUNCHIMAGE_NAME = LaunchImage;
				DEVELOPMENT_TEAM = V5T362FM3J;
				INFOPLIST_FILE = XFDouYu/Info.plist;
				IPHONEOS_DEPLOYMENT_TARGET = 9.0;
				LD_RUNPATH_SEARCH_PATHS = "$(inherited) @executable_path/Frameworks";
				"OTHER_SWIFT_FLAGS[arch=*]" = "-D DEBUG";
				PRODUCT_BUNDLE_IDENTIFIER = com.devxiaofan.XFDouYu;
				PRODUCT_NAME = "$(TARGET_NAME)";
				SWIFT_VERSION = 3.0;
			};
			name = Debug;
		};
		BD0F88A61D92CEEC002137C4 /* Release */ = {
			isa = XCBuildConfiguration;
			baseConfigurationReference = 1E57EF14893DF4AB93675087 /* Pods-XFDouYu.release.xcconfig */;
			buildSettings = {
				ALWAYS_EMBED_SWIFT_STANDARD_LIBRARIES = YES;
				ASSETCATALOG_COMPILER_APPICON_NAME = AppIcon;
				ASSETCATALOG_COMPILER_LAUNCHIMAGE_NAME = LaunchImage;
				DEVELOPMENT_TEAM = V5T362FM3J;
				INFOPLIST_FILE = XFDouYu/Info.plist;
				IPHONEOS_DEPLOYMENT_TARGET = 9.0;
				LD_RUNPATH_SEARCH_PATHS = "$(inherited) @executable_path/Frameworks";
				PRODUCT_BUNDLE_IDENTIFIER = com.devxiaofan.XFDouYu;
				PRODUCT_NAME = "$(TARGET_NAME)";
				SWIFT_VERSION = 3.0;
			};
			name = Release;
		};
/* End XCBuildConfiguration section */

/* Begin XCConfigurationList section */
		BD0F888D1D92CEEC002137C4 /* Build configuration list for PBXProject "XFDouYu" */ = {
			isa = XCConfigurationList;
			buildConfigurations = (
				BD0F88A21D92CEEC002137C4 /* Debug */,
				BD0F88A31D92CEEC002137C4 /* Release */,
			);
			defaultConfigurationIsVisible = 0;
			defaultConfigurationName = Release;
		};
		BD0F88A41D92CEEC002137C4 /* Build configuration list for PBXNativeTarget "XFDouYu" */ = {
			isa = XCConfigurationList;
			buildConfigurations = (
				BD0F88A51D92CEEC002137C4 /* Debug */,
				BD0F88A61D92CEEC002137C4 /* Release */,
			);
			defaultConfigurationIsVisible = 0;
			defaultConfigurationName = Release;
		};
/* End XCConfigurationList section */
	};
	rootObject = BD0F888A1D92CEEB002137C4 /* Project object */;
}
